{
  "version": 4,
  "terraform_version": "1.11.4",
  "serial": 6,
  "lineage": "d4a06fe0-fe83-aa11-871a-95788ec02000",
  "outputs": {},
  "resources": [
    {
      "mode": "managed",
      "type": "aws_instance",
      "name": "flask_server",
      "provider": "provider[\"registry.terraform.io/hashicorp/aws\"]",
      "instances": [
        {
          "status": "tainted",
          "schema_version": 1,
          "attributes": {
            "ami": "ami-0c94855ba95c71c99",
            "arn": "arn:aws:ec2:us-east-1:864112543455:instance/i-01c0979e98f1b968b",
            "associate_public_ip_address": true,
            "availability_zone": "us-east-1d",
            "capacity_reservation_specification": [
              {
                "capacity_reservation_preference": "open",
                "capacity_reservation_target": []
              }
            ],
            "cpu_core_count": 1,
            "cpu_options": [
              {
                "amd_sev_snp": "",
                "core_count": 1,
                "threads_per_core": 1
              }
            ],
            "cpu_threads_per_core": 1,
            "credit_specification": [
              {
                "cpu_credits": "standard"
              }
            ],
            "disable_api_stop": false,
            "disable_api_termination": false,
            "ebs_block_device": [],
            "ebs_optimized": false,
            "enable_primary_ipv6": null,
            "enclave_options": [
              {
                "enabled": false
              }
            ],
            "ephemeral_block_device": [],
            "get_password_data": false,
            "hibernation": false,
            "host_id": "",
            "host_resource_group_arn": null,
            "iam_instance_profile": "",
            "id": "i-01c0979e98f1b968b",
            "instance_initiated_shutdown_behavior": "stop",
            "instance_lifecycle": "",
            "instance_market_options": [],
            "instance_state": "running",
            "instance_type": "t2.micro",
            "ipv6_address_count": 0,
            "ipv6_addresses": [],
            "key_name": "deployer-key",
            "launch_template": [],
            "maintenance_options": [
              {
                "auto_recovery": "default"
              }
            ],
            "metadata_options": [
              {
                "http_endpoint": "enabled",
                "http_protocol_ipv6": "disabled",
                "http_put_response_hop_limit": 1,
                "http_tokens": "optional",
                "instance_metadata_tags": "disabled"
              }
            ],
            "monitoring": false,
            "network_interface": [],
            "outpost_arn": "",
            "password_data": "",
            "placement_group": "",
            "placement_partition_number": 0,
            "primary_network_interface_id": "eni-0df4dffc92e55cdb0",
            "private_dns": "ip-172-31-23-65.ec2.internal",
            "private_dns_name_options": [
              {
                "enable_resource_name_dns_a_record": false,
                "enable_resource_name_dns_aaaa_record": false,
                "hostname_type": "ip-name"
              }
            ],
            "private_ip": "172.31.23.65",
            "public_dns": "ec2-54-226-67-113.compute-1.amazonaws.com",
            "public_ip": "54.226.67.113",
            "root_block_device": [
              {
                "delete_on_termination": true,
                "device_name": "/dev/xvda",
                "encrypted": false,
                "iops": 100,
                "kms_key_id": "",
                "tags": {},
                "tags_all": {},
                "throughput": 0,
                "volume_id": "vol-010515d98cd029f05",
                "volume_size": 8,
                "volume_type": "gp2"
              }
            ],
            "secondary_private_ips": [],
            "security_groups": [
              "default"
            ],
            "source_dest_check": true,
            "spot_instance_request_id": "",
            "subnet_id": "subnet-04e060f216644db64",
            "tags": {
              "Name": "FlaskAppServer"
            },
            "tags_all": {
              "Name": "FlaskAppServer"
            },
            "tenancy": "default",
            "timeouts": null,
            "user_data": null,
            "user_data_base64": null,
            "user_data_replace_on_change": false,
            "volume_tags": null,
            "vpc_security_group_ids": [
              "sg-0d89c83891f0c794a"
            ]
          },
          "sensitive_attributes": [],
          "private": "eyJlMmJmYjczMC1lY2FhLTExZTYtOGY4OC0zNDM2M2JjN2M0YzAiOnsiY3JlYXRlIjo2MDAwMDAwMDAwMDAsImRlbGV0ZSI6MTIwMDAwMDAwMDAwMCwicmVhZCI6OTAwMDAwMDAwMDAwLCJ1cGRhdGUiOjYwMDAwMDAwMDAwMH0sInNjaGVtYV92ZXJzaW9uIjoiMSJ9",
          "dependencies": [
            "aws_key_pair.deployer"
          ]
        }
      ]
    },
    {
      "mode": "managed",
      "type": "aws_key_pair",
      "name": "deployer",
      "provider": "provider[\"registry.terraform.io/hashicorp/aws\"]",
      "instances": [
        {
          "schema_version": 1,
          "attributes": {
            "arn": "arn:aws:ec2:us-east-1:864112543455:key-pair/deployer-key",
            "fingerprint": "51:6d:7e:03:38:f2:e0:08:70:b5:3c:0b:a9:c6:87:1c",
            "id": "deployer-key",
            "key_name": "deployer-key",
            "key_name_prefix": "",
            "key_pair_id": "key-0515113a6da3b5b0f",
            "key_type": "rsa",
            "public_key": "ssh-rsa AAAAB3NzaC1yc2EAAAADAQABAAACAQCpsZn4XsBVbdTwQdt3NHnroi97rVQxt8ETdp/YmyKWKqoSDStw5TE5T4vtvPjJNA0Kp3BSrQFk4/1BhSmMdCcuLOndpgq7np0AgvxWthk5yieSuXJMQHJR+WuKNqrdCjGt6ZZraEFKghOXHBHASEvVybGbhKbGWvThuY1nm2OMNIa2QD2R9gwC+Fb/NlG1dbdYgrdJTu6KmF1F2OoPpcvB3X0nXhkNH9Z1HicE8BZGUEwqDekhn0jK8KB8y2CIiZV1MjcD9DIm2QjDvCba0lL7VgEaayzZmA3AsyvZSXO7i+Zn1/skjXzEYREUTSGMzRfbwASwEdedVUqu6VO6wXkRSPVKVgjLAbGCWnaz12KOteqBce1gxnb+St/Dv3kQlmMaJgDpDF5X6BpA6vAKC/5eTMnhW3JOv29e/qcbKxTMyFF9ytbTuevjytHfouvMY2/MLeRQwuNT64qo7iTErKlwlweE1UhVRth7Dhsh7tUNpy02YTixV6iASa4ud6EeRqRnIgkiUdQlMnCqde/O3KKzrwkS8vIji9ekhI6lyVemiARiqyd1G6sKqm14Ty1fLbBLlbhoPNopckrAJUeo3vo+W6xMzvnnGqQzuiB5h5rWcuuLtow89cZU5Q3Q9KgbvWIMxvbJpTRe6u77Owymzq9b/JVEbiHw9S8iCs5eg31oKw== hieunguyen42696@gmail.com",
            "tags": {},
            "tags_all": {}
          },
          "sensitive_attributes": [],
          "private": "eyJzY2hlbWFfdmVyc2lvbiI6IjEifQ=="
        }
      ]
    }
  ],
  "check_results": null
}
